
Microsoft Visual Studio Solution File, Format Version 12.00
# Visual Studio 15
VisualStudioVersion = 15.0.26430.16
MinimumVisualStudioVersion = 10.0.40219.1
Project("{FAE04EC0-301F-11D3-BF4B-00C04F79EFBC}") = "SampleAppMicroService", "SampleAppMicroService\SampleAppMicroService.csproj", "{8FA06E81-41E8-46BD-B389-026F9A4BA65C}"
EndProject
Global
	GlobalSection(SolutionConfigurationPlatforms) = preSolution
		Debug|Any CPU = Debug|Any CPU
		Release|Any CPU = Release|Any CPU
	EndGlobalSection
	GlobalSection(ProjectConfigurationPlatforms) = postSolution
		{8FA06E81-41E8-46BD-B389-026F9A4BA65C}.Debug|Any CPU.ActiveCfg = Debug|Any CPU
		{8FA06E81-41E8-46BD-B389-026F9A4BA65C}.Debug|Any CPU.Build.0 = Debug|Any CPU
		{8FA06E81-41E8-46BD-B389-026F9A4BA65C}.Release|Any CPU.ActiveCfg = Release|Any CPU
		{8FA06E81-41E8-46BD-B389-026F9A4BA65C}.Release|Any CPU.Build.0 = Release|Any CPU
	EndGlobalSection
	GlobalSection(SolutionProperties) = preSolution
		HideSolutionNode = FALSE
	EndGlobalSection
EndGlobal
